
Microsoft Visual Studio Solution File, Format Version 12.00
# Visual Studio Version 17
VisualStudioVersion = 17.14.36518.9 d17.14
MinimumVisualStudioVersion = 10.0.40219.1
Project("{FAE04EC0-301F-11D3-BF4B-00C04F79EFBC}") = "GreenBlanket.API", "Back end code\GreenBlanket.API.csproj", "{50010BB2-93B5-4C17-BC62-F69456425D67}"
EndProject
Project("{FAE04EC0-301F-11D3-BF4B-00C04F79EFBC}") = "GreenBlanket.Domain", "GreenBlanket.Domain\GreenBlanket.Domain.csproj", "{C2F9A87B-1BEF-427A-9FE7-8EE484B974B1}"
EndProject
Project("{FAE04EC0-301F-11D3-BF4B-00C04F79EFBC}") = "GreenBlanket.Application", "GreenBlanket.Application\GreenBlanket.Application.csproj", "{6B615802-BCC1-4206-8E6C-CBDA8057BEBD}"
EndProject
Project("{FAE04EC0-301F-11D3-BF4B-00C04F79EFBC}") = "GreenBlanket.Infrastructure", "GreenBlanket.Infrastructure\GreenBlanket.Infrastructure.csproj", "{0D241D7C-8BF3-45FC-B5A0-ED6341D056E4}"
EndProject
Global
	GlobalSection(SolutionConfigurationPlatforms) = preSolution
		Debug|Any CPU = Debug|Any CPU
		Release|Any CPU = Release|Any CPU
	EndGlobalSection
	GlobalSection(ProjectConfigurationPlatforms) = postSolution
		{50010BB2-93B5-4C17-BC62-F69456425D67}.Debug|Any CPU.ActiveCfg = Debug|Any CPU
		{50010BB2-93B5-4C17-BC62-F69456425D67}.Debug|Any CPU.Build.0 = Debug|Any CPU
		{50010BB2-93B5-4C17-BC62-F69456425D67}.Release|Any CPU.ActiveCfg = Release|Any CPU
		{50010BB2-93B5-4C17-BC62-F69456425D67}.Release|Any CPU.Build.0 = Release|Any CPU
		{C2F9A87B-1BEF-427A-9FE7-8EE484B974B1}.Debug|Any CPU.ActiveCfg = Debug|Any CPU
		{C2F9A87B-1BEF-427A-9FE7-8EE484B974B1}.Debug|Any CPU.Build.0 = Debug|Any CPU
		{C2F9A87B-1BEF-427A-9FE7-8EE484B974B1}.Release|Any CPU.ActiveCfg = Release|Any CPU
		{C2F9A87B-1BEF-427A-9FE7-8EE484B974B1}.Release|Any CPU.Build.0 = Release|Any CPU
		{6B615802-BCC1-4206-8E6C-CBDA8057BEBD}.Debug|Any CPU.ActiveCfg = Debug|Any CPU
		{6B615802-BCC1-4206-8E6C-CBDA8057BEBD}.Debug|Any CPU.Build.0 = Debug|Any CPU
		{6B615802-BCC1-4206-8E6C-CBDA8057BEBD}.Release|Any CPU.ActiveCfg = Release|Any CPU
		{6B615802-BCC1-4206-8E6C-CBDA8057BEBD}.Release|Any CPU.Build.0 = Release|Any CPU
		{0D241D7C-8BF3-45FC-B5A0-ED6341D056E4}.Debug|Any CPU.ActiveCfg = Debug|Any CPU
		{0D241D7C-8BF3-45FC-B5A0-ED6341D056E4}.Debug|Any CPU.Build.0 = Debug|Any CPU
		{0D241D7C-8BF3-45FC-B5A0-ED6341D056E4}.Release|Any CPU.ActiveCfg = Release|Any CPU
		{0D241D7C-8BF3-45FC-B5A0-ED6341D056E4}.Release|Any CPU.Build.0 = Release|Any CPU
	EndGlobalSection
	GlobalSection(SolutionProperties) = preSolution
		HideSolutionNode = FALSE
	EndGlobalSection
	GlobalSection(ExtensibilityGlobals) = postSolution
		SolutionGuid = {ECBBEC2D-0BC0-46F3-B0A4-575F4C4CB2D9}
	EndGlobalSection
EndGlobal
