
Microsoft Visual Studio Solution File, Format Version 12.00
# Visual Studio Version 17
VisualStudioVersion = 17.14.36518.9 d17.14
MinimumVisualStudioVersion = 10.0.40219.1
Project("{FAE04EC0-301F-11D3-BF4B-00C04F79EFBC}") = "Back end code", "Back end code\Back end code.csproj", "{50010BB2-93B5-4C17-BC62-F69456425D67}"
EndProject
Global
	GlobalSection(SolutionConfigurationPlatforms) = preSolution
		Debug|Any CPU = Debug|Any CPU
		Release|Any CPU = Release|Any CPU
	EndGlobalSection
	GlobalSection(ProjectConfigurationPlatforms) = postSolution
		{50010BB2-93B5-4C17-BC62-F69456425D67}.Debug|Any CPU.ActiveCfg = Debug|Any CPU
		{50010BB2-93B5-4C17-BC62-F69456425D67}.Debug|Any CPU.Build.0 = Debug|Any CPU
		{50010BB2-93B5-4C17-BC62-F69456425D67}.Release|Any CPU.ActiveCfg = Release|Any CPU
		{50010BB2-93B5-4C17-BC62-F69456425D67}.Release|Any CPU.Build.0 = Release|Any CPU
	EndGlobalSection
	GlobalSection(SolutionProperties) = preSolution
		HideSolutionNode = FALSE
	EndGlobalSection
	GlobalSection(ExtensibilityGlobals) = postSolution
		SolutionGuid = {ECBBEC2D-0BC0-46F3-B0A4-575F4C4CB2D9}
	EndGlobalSection
EndGlobal
